// !$*UTF8*$!
{
	archiveVersion = 1;
	classes = {
	};
	objectVersion = 46;
	objects = {

/* Begin PBXBuildFile section */
		DDA0EFA21F4AF7070027975D /* AppDelegate.swift in Sources */ = {isa = PBXBuildFile; fileRef = DDA0EFA11F4AF7070027975D /* AppDelegate.swift */; };
		DDA0EFA41F4AF7070027975D /* ViewController.swift in Sources */ = {isa = PBXBuildFile; fileRef = DDA0EFA31F4AF7070027975D /* ViewController.swift */; };
		DDA0EFA71F4AF7070027975D /* Main.storyboard in Resources */ = {isa = PBXBuildFile; fileRef = DDA0EFA51F4AF7070027975D /* Main.storyboard */; };
		DDA0EFA91F4AF7070027975D /* Assets.xcassets in Resources */ = {isa = PBXBuildFile; fileRef = DDA0EFA81F4AF7070027975D /* Assets.xcassets */; };
		DDA0EFAC1F4AF7070027975D /* LaunchScreen.storyboard in Resources */ = {isa = PBXBuildFile; fileRef = DDA0EFAA1F4AF7070027975D /* LaunchScreen.storyboard */; };
		DDA0EFB71F4AF7070027975D /* RefereeCounterTests.swift in Sources */ = {isa = PBXBuildFile; fileRef = DDA0EFB61F4AF7070027975D /* RefereeCounterTests.swift */; };
		DDA0EFC21F4AF7070027975D /* RefereeCounterUITests.swift in Sources */ = {isa = PBXBuildFile; fileRef = DDA0EFC11F4AF7070027975D /* RefereeCounterUITests.swift */; };
		DDA0EFC71F4AF7070027975D /* RefereeCounter WatchKit App.app in Embed Watch Content */ = {isa = PBXBuildFile; fileRef = DDA0EFC61F4AF7070027975D /* RefereeCounter WatchKit App.app */; };
		DDA0EFCD1F4AF7070027975D /* Interface.storyboard in Resources */ = {isa = PBXBuildFile; fileRef = DDA0EFCB1F4AF7070027975D /* Interface.storyboard */; };
		DDA0EFCF1F4AF7070027975D /* Assets.xcassets in Resources */ = {isa = PBXBuildFile; fileRef = DDA0EFCE1F4AF7070027975D /* Assets.xcassets */; };
		DDA0EFD61F4AF7080027975D /* RefereeCounter WatchKit Extension.appex in Embed App Extensions */ = {isa = PBXBuildFile; fileRef = DDA0EFD51F4AF7080027975D /* RefereeCounter WatchKit Extension.appex */; settings = {ATTRIBUTES = (RemoveHeadersOnCopy, ); }; };
		DDA0EFDD1F4AF7080027975D /* InterfaceController.swift in Sources */ = {isa = PBXBuildFile; fileRef = DDA0EFDC1F4AF7080027975D /* InterfaceController.swift */; };
		DDA0EFDF1F4AF7080027975D /* ExtensionDelegate.swift in Sources */ = {isa = PBXBuildFile; fileRef = DDA0EFDE1F4AF7080027975D /* ExtensionDelegate.swift */; };
		DDA0EFE11F4AF7080027975D /* NotificationController.swift in Sources */ = {isa = PBXBuildFile; fileRef = DDA0EFE01F4AF7080027975D /* NotificationController.swift */; };
		DDA0EFE31F4AF7080027975D /* ComplicationController.swift in Sources */ = {isa = PBXBuildFile; fileRef = DDA0EFE21F4AF7080027975D /* ComplicationController.swift */; };
		DDA0EFE51F4AF7080027975D /* Assets.xcassets in Resources */ = {isa = PBXBuildFile; fileRef = DDA0EFE41F4AF7080027975D /* Assets.xcassets */; };
		DDA0F0011F4AFFBE0027975D /* KickoffInterfaceController.swift in Sources */ = {isa = PBXBuildFile; fileRef = DDA0F0001F4AFFBE0027975D /* KickoffInterfaceController.swift */; };
		DDA0F0021F4AFFBE0027975D /* KickoffInterfaceController.swift in Sources */ = {isa = PBXBuildFile; fileRef = DDA0F0001F4AFFBE0027975D /* KickoffInterfaceController.swift */; };
		DDA0F0041F4B010C0027975D /* CounterInterfaceController.swift in Sources */ = {isa = PBXBuildFile; fileRef = DDA0F0031F4B010C0027975D /* CounterInterfaceController.swift */; };
		DDA0F0051F4B010C0027975D /* CounterInterfaceController.swift in Sources */ = {isa = PBXBuildFile; fileRef = DDA0F0031F4B010C0027975D /* CounterInterfaceController.swift */; };
		DDF103F31F4D3EF1003D639B /* RecordInterfaceController.swift in Sources */ = {isa = PBXBuildFile; fileRef = DDF103F21F4D3EF1003D639B /* RecordInterfaceController.swift */; };
		DDF103F41F4D3EF1003D639B /* RecordInterfaceController.swift in Sources */ = {isa = PBXBuildFile; fileRef = DDF103F21F4D3EF1003D639B /* RecordInterfaceController.swift */; };
		DDF103F61F4D4307003D639B /* MemoRow.swift in Sources */ = {isa = PBXBuildFile; fileRef = DDF103F51F4D4307003D639B /* MemoRow.swift */; };
		DDF103F71F4D4307003D639B /* MemoRow.swift in Sources */ = {isa = PBXBuildFile; fileRef = DDF103F51F4D4307003D639B /* MemoRow.swift */; };
/* End PBXBuildFile section */

/* Begin PBXContainerItemProxy section */
		DDA0EFB31F4AF7070027975D /* PBXContainerItemProxy */ = {
			isa = PBXContainerItemProxy;
			containerPortal = DDA0EF961F4AF7070027975D /* Project object */;
			proxyType = 1;
			remoteGlobalIDString = DDA0EF9D1F4AF7070027975D;
			remoteInfo = RefereeCounter;
		};
		DDA0EFBE1F4AF7070027975D /* PBXContainerItemProxy */ = {
			isa = PBXContainerItemProxy;
			containerPortal = DDA0EF961F4AF7070027975D /* Project object */;
			proxyType = 1;
			remoteGlobalIDString = DDA0EF9D1F4AF7070027975D;
			remoteInfo = RefereeCounter;
		};
		DDA0EFC81F4AF7070027975D /* PBXContainerItemProxy */ = {
			isa = PBXContainerItemProxy;
			containerPortal = DDA0EF961F4AF7070027975D /* Project object */;
			proxyType = 1;
			remoteGlobalIDString = DDA0EFC51F4AF7070027975D;
			remoteInfo = "RefereeCounter WatchKit App";
		};
		DDA0EFD71F4AF7080027975D /* PBXContainerItemProxy */ = {
			isa = PBXContainerItemProxy;
			containerPortal = DDA0EF961F4AF7070027975D /* Project object */;
			proxyType = 1;
			remoteGlobalIDString = DDA0EFD41F4AF7080027975D;
			remoteInfo = "RefereeCounter WatchKit Extension";
		};
/* End PBXContainerItemProxy section */

/* Begin PBXCopyFilesBuildPhase section */
		DDA0EFEC1F4AF7080027975D /* Embed App Extensions */ = {
			isa = PBXCopyFilesBuildPhase;
			buildActionMask = 2147483647;
			dstPath = "";
			dstSubfolderSpec = 13;
			files = (
				DDA0EFD61F4AF7080027975D /* RefereeCounter WatchKit Extension.appex in Embed App Extensions */,
			);
			name = "Embed App Extensions";
			runOnlyForDeploymentPostprocessing = 0;
		};
		DDA0EFF01F4AF7080027975D /* Embed Watch Content */ = {
			isa = PBXCopyFilesBuildPhase;
			buildActionMask = 2147483647;
			dstPath = "$(CONTENTS_FOLDER_PATH)/Watch";
			dstSubfolderSpec = 16;
			files = (
				DDA0EFC71F4AF7070027975D /* RefereeCounter WatchKit App.app in Embed Watch Content */,
			);
			name = "Embed Watch Content";
			runOnlyForDeploymentPostprocessing = 0;
		};
/* End PBXCopyFilesBuildPhase section */

/* Begin PBXFileReference section */
		DDA0EF9E1F4AF7070027975D /* RefereeCounter.app */ = {isa = PBXFileReference; explicitFileType = wrapper.application; includeInIndex = 0; path = RefereeCounter.app; sourceTree = BUILT_PRODUCTS_DIR; };
		DDA0EFA11F4AF7070027975D /* AppDelegate.swift */ = {isa = PBXFileReference; lastKnownFileType = sourcecode.swift; path = AppDelegate.swift; sourceTree = "<group>"; };
		DDA0EFA31F4AF7070027975D /* ViewController.swift */ = {isa = PBXFileReference; lastKnownFileType = sourcecode.swift; path = ViewController.swift; sourceTree = "<group>"; };
		DDA0EFA61F4AF7070027975D /* Base */ = {isa = PBXFileReference; lastKnownFileType = file.storyboard; name = Base; path = Base.lproj/Main.storyboard; sourceTree = "<group>"; };
		DDA0EFA81F4AF7070027975D /* Assets.xcassets */ = {isa = PBXFileReference; lastKnownFileType = folder.assetcatalog; path = Assets.xcassets; sourceTree = "<group>"; };
		DDA0EFAB1F4AF7070027975D /* Base */ = {isa = PBXFileReference; lastKnownFileType = file.storyboard; name = Base; path = Base.lproj/LaunchScreen.storyboard; sourceTree = "<group>"; };
		DDA0EFAD1F4AF7070027975D /* Info.plist */ = {isa = PBXFileReference; lastKnownFileType = text.plist.xml; path = Info.plist; sourceTree = "<group>"; };
		DDA0EFB21F4AF7070027975D /* RefereeCounterTests.xctest */ = {isa = PBXFileReference; explicitFileType = wrapper.cfbundle; includeInIndex = 0; path = RefereeCounterTests.xctest; sourceTree = BUILT_PRODUCTS_DIR; };
		DDA0EFB61F4AF7070027975D /* RefereeCounterTests.swift */ = {isa = PBXFileReference; lastKnownFileType = sourcecode.swift; path = RefereeCounterTests.swift; sourceTree = "<group>"; };
		DDA0EFB81F4AF7070027975D /* Info.plist */ = {isa = PBXFileReference; lastKnownFileType = text.plist.xml; path = Info.plist; sourceTree = "<group>"; };
		DDA0EFBD1F4AF7070027975D /* RefereeCounterUITests.xctest */ = {isa = PBXFileReference; explicitFileType = wrapper.cfbundle; includeInIndex = 0; path = RefereeCounterUITests.xctest; sourceTree = BUILT_PRODUCTS_DIR; };
		DDA0EFC11F4AF7070027975D /* RefereeCounterUITests.swift */ = {isa = PBXFileReference; lastKnownFileType = sourcecode.swift; path = RefereeCounterUITests.swift; sourceTree = "<group>"; };
		DDA0EFC31F4AF7070027975D /* Info.plist */ = {isa = PBXFileReference; lastKnownFileType = text.plist.xml; path = Info.plist; sourceTree = "<group>"; };
		DDA0EFC61F4AF7070027975D /* RefereeCounter WatchKit App.app */ = {isa = PBXFileReference; explicitFileType = wrapper.application; includeInIndex = 0; path = "RefereeCounter WatchKit App.app"; sourceTree = BUILT_PRODUCTS_DIR; };
		DDA0EFCC1F4AF7070027975D /* Base */ = {isa = PBXFileReference; lastKnownFileType = file.storyboard; name = Base; path = Base.lproj/Interface.storyboard; sourceTree = "<group>"; };
		DDA0EFCE1F4AF7070027975D /* Assets.xcassets */ = {isa = PBXFileReference; lastKnownFileType = folder.assetcatalog; path = Assets.xcassets; sourceTree = "<group>"; };
		DDA0EFD01F4AF7070027975D /* Info.plist */ = {isa = PBXFileReference; lastKnownFileType = text.plist.xml; path = Info.plist; sourceTree = "<group>"; };
		DDA0EFD51F4AF7080027975D /* RefereeCounter WatchKit Extension.appex */ = {isa = PBXFileReference; explicitFileType = "wrapper.app-extension"; includeInIndex = 0; path = "RefereeCounter WatchKit Extension.appex"; sourceTree = BUILT_PRODUCTS_DIR; };
		DDA0EFDB1F4AF7080027975D /* PushNotificationPayload.apns */ = {isa = PBXFileReference; lastKnownFileType = text; path = PushNotificationPayload.apns; sourceTree = "<group>"; };
		DDA0EFDC1F4AF7080027975D /* InterfaceController.swift */ = {isa = PBXFileReference; lastKnownFileType = sourcecode.swift; path = InterfaceController.swift; sourceTree = "<group>"; };
		DDA0EFDE1F4AF7080027975D /* ExtensionDelegate.swift */ = {isa = PBXFileReference; lastKnownFileType = sourcecode.swift; path = ExtensionDelegate.swift; sourceTree = "<group>"; };
		DDA0EFE01F4AF7080027975D /* NotificationController.swift */ = {isa = PBXFileReference; lastKnownFileType = sourcecode.swift; path = NotificationController.swift; sourceTree = "<group>"; };
		DDA0EFE21F4AF7080027975D /* ComplicationController.swift */ = {isa = PBXFileReference; lastKnownFileType = sourcecode.swift; path = ComplicationController.swift; sourceTree = "<group>"; };
		DDA0EFE41F4AF7080027975D /* Assets.xcassets */ = {isa = PBXFileReference; lastKnownFileType = folder.assetcatalog; path = Assets.xcassets; sourceTree = "<group>"; };
		DDA0EFE61F4AF7080027975D /* Info.plist */ = {isa = PBXFileReference; lastKnownFileType = text.plist.xml; path = Info.plist; sourceTree = "<group>"; };
		DDA0F0001F4AFFBE0027975D /* KickoffInterfaceController.swift */ = {isa = PBXFileReference; fileEncoding = 4; lastKnownFileType = sourcecode.swift; path = KickoffInterfaceController.swift; sourceTree = "<group>"; };
		DDA0F0031F4B010C0027975D /* CounterInterfaceController.swift */ = {isa = PBXFileReference; fileEncoding = 4; lastKnownFileType = sourcecode.swift; path = CounterInterfaceController.swift; sourceTree = "<group>"; };
		DDF103F21F4D3EF1003D639B /* RecordInterfaceController.swift */ = {isa = PBXFileReference; fileEncoding = 4; lastKnownFileType = sourcecode.swift; path = RecordInterfaceController.swift; sourceTree = "<group>"; };
		DDF103F51F4D4307003D639B /* MemoRow.swift */ = {isa = PBXFileReference; fileEncoding = 4; lastKnownFileType = sourcecode.swift; path = MemoRow.swift; sourceTree = "<group>"; };
/* End PBXFileReference section */

/* Begin PBXFrameworksBuildPhase section */
		DDA0EF9B1F4AF7070027975D /* Frameworks */ = {
			isa = PBXFrameworksBuildPhase;
			buildActionMask = 2147483647;
			files = (
			);
			runOnlyForDeploymentPostprocessing = 0;
		};
		DDA0EFAF1F4AF7070027975D /* Frameworks */ = {
			isa = PBXFrameworksBuildPhase;
			buildActionMask = 2147483647;
			files = (
			);
			runOnlyForDeploymentPostprocessing = 0;
		};
		DDA0EFBA1F4AF7070027975D /* Frameworks */ = {
			isa = PBXFrameworksBuildPhase;
			buildActionMask = 2147483647;
			files = (
			);
			runOnlyForDeploymentPostprocessing = 0;
		};
		DDA0EFD21F4AF7080027975D /* Frameworks */ = {
			isa = PBXFrameworksBuildPhase;
			buildActionMask = 2147483647;
			files = (
			);
			runOnlyForDeploymentPostprocessing = 0;
		};
/* End PBXFrameworksBuildPhase section */

/* Begin PBXGroup section */
		DDA0EF951F4AF7070027975D = {
			isa = PBXGroup;
			children = (
				DDA0EFA01F4AF7070027975D /* RefereeCounter */,
				DDA0EFB51F4AF7070027975D /* RefereeCounterTests */,
				DDA0EFC01F4AF7070027975D /* RefereeCounterUITests */,
				DDA0EFCA1F4AF7070027975D /* RefereeCounter WatchKit App */,
				DDA0EFD91F4AF7080027975D /* RefereeCounter WatchKit Extension */,
				DDA0EF9F1F4AF7070027975D /* Products */,
			);
			sourceTree = "<group>";
		};
		DDA0EF9F1F4AF7070027975D /* Products */ = {
			isa = PBXGroup;
			children = (
				DDA0EF9E1F4AF7070027975D /* RefereeCounter.app */,
				DDA0EFB21F4AF7070027975D /* RefereeCounterTests.xctest */,
				DDA0EFBD1F4AF7070027975D /* RefereeCounterUITests.xctest */,
				DDA0EFC61F4AF7070027975D /* RefereeCounter WatchKit App.app */,
				DDA0EFD51F4AF7080027975D /* RefereeCounter WatchKit Extension.appex */,
			);
			name = Products;
			sourceTree = "<group>";
		};
		DDA0EFA01F4AF7070027975D /* RefereeCounter */ = {
			isa = PBXGroup;
			children = (
				DDA0EFA11F4AF7070027975D /* AppDelegate.swift */,
				DDA0EFA31F4AF7070027975D /* ViewController.swift */,
				DDA0EFA51F4AF7070027975D /* Main.storyboard */,
				DDA0EFA81F4AF7070027975D /* Assets.xcassets */,
				DDA0EFAA1F4AF7070027975D /* LaunchScreen.storyboard */,
				DDA0EFAD1F4AF7070027975D /* Info.plist */,
			);
			path = RefereeCounter;
			sourceTree = "<group>";
		};
		DDA0EFB51F4AF7070027975D /* RefereeCounterTests */ = {
			isa = PBXGroup;
			children = (
				DDA0EFB61F4AF7070027975D /* RefereeCounterTests.swift */,
				DDA0EFB81F4AF7070027975D /* Info.plist */,
			);
			path = RefereeCounterTests;
			sourceTree = "<group>";
		};
		DDA0EFC01F4AF7070027975D /* RefereeCounterUITests */ = {
			isa = PBXGroup;
			children = (
				DDA0EFC11F4AF7070027975D /* RefereeCounterUITests.swift */,
				DDA0EFC31F4AF7070027975D /* Info.plist */,
			);
			path = RefereeCounterUITests;
			sourceTree = "<group>";
		};
		DDA0EFCA1F4AF7070027975D /* RefereeCounter WatchKit App */ = {
			isa = PBXGroup;
			children = (
				DDA0EFCB1F4AF7070027975D /* Interface.storyboard */,
				DDA0EFCE1F4AF7070027975D /* Assets.xcassets */,
				DDA0EFD01F4AF7070027975D /* Info.plist */,
				DDA0F0001F4AFFBE0027975D /* KickoffInterfaceController.swift */,
				DDA0F0031F4B010C0027975D /* CounterInterfaceController.swift */,
				DDF103F21F4D3EF1003D639B /* RecordInterfaceController.swift */,
				DDF103F51F4D4307003D639B /* MemoRow.swift */,
			);
			path = "RefereeCounter WatchKit App";
			sourceTree = "<group>";
		};
		DDA0EFD91F4AF7080027975D /* RefereeCounter WatchKit Extension */ = {
			isa = PBXGroup;
			children = (
				DDA0EFDC1F4AF7080027975D /* InterfaceController.swift */,
				DDA0EFDE1F4AF7080027975D /* ExtensionDelegate.swift */,
				DDA0EFE01F4AF7080027975D /* NotificationController.swift */,
				DDA0EFE21F4AF7080027975D /* ComplicationController.swift */,
				DDA0EFE41F4AF7080027975D /* Assets.xcassets */,
				DDA0EFE61F4AF7080027975D /* Info.plist */,
				DDA0EFDA1F4AF7080027975D /* Supporting Files */,
			);
			path = "RefereeCounter WatchKit Extension";
			sourceTree = "<group>";
		};
		DDA0EFDA1F4AF7080027975D /* Supporting Files */ = {
			isa = PBXGroup;
			children = (
				DDA0EFDB1F4AF7080027975D /* PushNotificationPayload.apns */,
			);
			name = "Supporting Files";
			sourceTree = "<group>";
		};
/* End PBXGroup section */

/* Begin PBXNativeTarget section */
		DDA0EF9D1F4AF7070027975D /* RefereeCounter */ = {
			isa = PBXNativeTarget;
			buildConfigurationList = DDA0EFF11F4AF7080027975D /* Build configuration list for PBXNativeTarget "RefereeCounter" */;
			buildPhases = (
				DDA0EF9A1F4AF7070027975D /* Sources */,
				DDA0EF9B1F4AF7070027975D /* Frameworks */,
				DDA0EF9C1F4AF7070027975D /* Resources */,
				DDA0EFF01F4AF7080027975D /* Embed Watch Content */,
			);
			buildRules = (
			);
			dependencies = (
				DDA0EFC91F4AF7070027975D /* PBXTargetDependency */,
			);
			name = RefereeCounter;
			productName = RefereeCounter;
			productReference = DDA0EF9E1F4AF7070027975D /* RefereeCounter.app */;
			productType = "com.apple.product-type.application";
		};
		DDA0EFB11F4AF7070027975D /* RefereeCounterTests */ = {
			isa = PBXNativeTarget;
			buildConfigurationList = DDA0EFF41F4AF7080027975D /* Build configuration list for PBXNativeTarget "RefereeCounterTests" */;
			buildPhases = (
				DDA0EFAE1F4AF7070027975D /* Sources */,
				DDA0EFAF1F4AF7070027975D /* Frameworks */,
				DDA0EFB01F4AF7070027975D /* Resources */,
			);
			buildRules = (
			);
			dependencies = (
				DDA0EFB41F4AF7070027975D /* PBXTargetDependency */,
			);
			name = RefereeCounterTests;
			productName = RefereeCounterTests;
			productReference = DDA0EFB21F4AF7070027975D /* RefereeCounterTests.xctest */;
			productType = "com.apple.product-type.bundle.unit-test";
		};
		DDA0EFBC1F4AF7070027975D /* RefereeCounterUITests */ = {
			isa = PBXNativeTarget;
			buildConfigurationList = DDA0EFF71F4AF7080027975D /* Build configuration list for PBXNativeTarget "RefereeCounterUITests" */;
			buildPhases = (
				DDA0EFB91F4AF7070027975D /* Sources */,
				DDA0EFBA1F4AF7070027975D /* Frameworks */,
				DDA0EFBB1F4AF7070027975D /* Resources */,
			);
			buildRules = (
			);
			dependencies = (
				DDA0EFBF1F4AF7070027975D /* PBXTargetDependency */,
			);
			name = RefereeCounterUITests;
			productName = RefereeCounterUITests;
			productReference = DDA0EFBD1F4AF7070027975D /* RefereeCounterUITests.xctest */;
			productType = "com.apple.product-type.bundle.ui-testing";
		};
		DDA0EFC51F4AF7070027975D /* RefereeCounter WatchKit App */ = {
			isa = PBXNativeTarget;
			buildConfigurationList = DDA0EFED1F4AF7080027975D /* Build configuration list for PBXNativeTarget "RefereeCounter WatchKit App" */;
			buildPhases = (
				DDA0EFC41F4AF7070027975D /* Resources */,
				DDA0EFEC1F4AF7080027975D /* Embed App Extensions */,
			);
			buildRules = (
			);
			dependencies = (
				DDA0EFD81F4AF7080027975D /* PBXTargetDependency */,
			);
			name = "RefereeCounter WatchKit App";
			productName = "RefereeCounter WatchKit App";
			productReference = DDA0EFC61F4AF7070027975D /* RefereeCounter WatchKit App.app */;
			productType = "com.apple.product-type.application.watchapp2";
		};
		DDA0EFD41F4AF7080027975D /* RefereeCounter WatchKit Extension */ = {
			isa = PBXNativeTarget;
			buildConfigurationList = DDA0EFE91F4AF7080027975D /* Build configuration list for PBXNativeTarget "RefereeCounter WatchKit Extension" */;
			buildPhases = (
				DDA0EFD11F4AF7080027975D /* Sources */,
				DDA0EFD21F4AF7080027975D /* Frameworks */,
				DDA0EFD31F4AF7080027975D /* Resources */,
			);
			buildRules = (
			);
			dependencies = (
			);
			name = "RefereeCounter WatchKit Extension";
			productName = "RefereeCounter WatchKit Extension";
			productReference = DDA0EFD51F4AF7080027975D /* RefereeCounter WatchKit Extension.appex */;
			productType = "com.apple.product-type.watchkit2-extension";
		};
/* End PBXNativeTarget section */

/* Begin PBXProject section */
		DDA0EF961F4AF7070027975D /* Project object */ = {
			isa = PBXProject;
			attributes = {
				LastSwiftUpdateCheck = 0830;
				LastUpgradeCheck = 0830;
				ORGANIZATIONNAME = ProjectJ;
				TargetAttributes = {
					DDA0EF9D1F4AF7070027975D = {
						CreatedOnToolsVersion = 8.3.3;
						DevelopmentTeam = 9AW5SMH942;
						ProvisioningStyle = Automatic;
					};
					DDA0EFB11F4AF7070027975D = {
						CreatedOnToolsVersion = 8.3.3;
						DevelopmentTeam = 9AW5SMH942;
						ProvisioningStyle = Automatic;
						TestTargetID = DDA0EF9D1F4AF7070027975D;
					};
					DDA0EFBC1F4AF7070027975D = {
						CreatedOnToolsVersion = 8.3.3;
						DevelopmentTeam = 9AW5SMH942;
						ProvisioningStyle = Automatic;
						TestTargetID = DDA0EF9D1F4AF7070027975D;
					};
					DDA0EFC51F4AF7070027975D = {
						CreatedOnToolsVersion = 8.3.3;
						DevelopmentTeam = 9AW5SMH942;
						LastSwiftMigration = 0830;
						ProvisioningStyle = Automatic;
					};
					DDA0EFD41F4AF7080027975D = {
						CreatedOnToolsVersion = 8.3.3;
						DevelopmentTeam = 9AW5SMH942;
						ProvisioningStyle = Automatic;
					};
				};
			};
			buildConfigurationList = DDA0EF991F4AF7070027975D /* Build configuration list for PBXProject "RefereeCounter" */;
			compatibilityVersion = "Xcode 3.2";
			developmentRegion = English;
			hasScannedForEncodings = 0;
			knownRegions = (
				en,
				Base,
			);
			mainGroup = DDA0EF951F4AF7070027975D;
			productRefGroup = DDA0EF9F1F4AF7070027975D /* Products */;
			projectDirPath = "";
			projectRoot = "";
			targets = (
				DDA0EF9D1F4AF7070027975D /* RefereeCounter */,
				DDA0EFB11F4AF7070027975D /* RefereeCounterTests */,
				DDA0EFBC1F4AF7070027975D /* RefereeCounterUITests */,
				DDA0EFC51F4AF7070027975D /* RefereeCounter WatchKit App */,
				DDA0EFD41F4AF7080027975D /* RefereeCounter WatchKit Extension */,
			);
		};
/* End PBXProject section */

/* Begin PBXResourcesBuildPhase section */
		DDA0EF9C1F4AF7070027975D /* Resources */ = {
			isa = PBXResourcesBuildPhase;
			buildActionMask = 2147483647;
			files = (
				DDA0EFAC1F4AF7070027975D /* LaunchScreen.storyboard in Resources */,
				DDA0EFA91F4AF7070027975D /* Assets.xcassets in Resources */,
				DDA0EFA71F4AF7070027975D /* Main.storyboard in Resources */,
			);
			runOnlyForDeploymentPostprocessing = 0;
		};
		DDA0EFB01F4AF7070027975D /* Resources */ = {
			isa = PBXResourcesBuildPhase;
			buildActionMask = 2147483647;
			files = (
			);
			runOnlyForDeploymentPostprocessing = 0;
		};
		DDA0EFBB1F4AF7070027975D /* Resources */ = {
			isa = PBXResourcesBuildPhase;
			buildActionMask = 2147483647;
			files = (
			);
			runOnlyForDeploymentPostprocessing = 0;
		};
		DDA0EFC41F4AF7070027975D /* Resources */ = {
			isa = PBXResourcesBuildPhase;
			buildActionMask = 2147483647;
			files = (
				DDA0EFCF1F4AF7070027975D /* Assets.xcassets in Resources */,
				DDA0EFCD1F4AF7070027975D /* Interface.storyboard in Resources */,
			);
			runOnlyForDeploymentPostprocessing = 0;
		};
		DDA0EFD31F4AF7080027975D /* Resources */ = {
			isa = PBXResourcesBuildPhase;
			buildActionMask = 2147483647;
			files = (
				DDA0EFE51F4AF7080027975D /* Assets.xcassets in Resources */,
			);
			runOnlyForDeploymentPostprocessing = 0;
		};
/* End PBXResourcesBuildPhase section */

/* Begin PBXSourcesBuildPhase section */
		DDA0EF9A1F4AF7070027975D /* Sources */ = {
			isa = PBXSourcesBuildPhase;
			buildActionMask = 2147483647;
			files = (
				DDF103F61F4D4307003D639B /* MemoRow.swift in Sources */,
				DDA0F0041F4B010C0027975D /* CounterInterfaceController.swift in Sources */,
				DDA0EFA41F4AF7070027975D /* ViewController.swift in Sources */,
				DDA0EFA21F4AF7070027975D /* AppDelegate.swift in Sources */,
				DDF103F31F4D3EF1003D639B /* RecordInterfaceController.swift in Sources */,
				DDA0F0011F4AFFBE0027975D /* KickoffInterfaceController.swift in Sources */,
			);
			runOnlyForDeploymentPostprocessing = 0;
		};
		DDA0EFAE1F4AF7070027975D /* Sources */ = {
			isa = PBXSourcesBuildPhase;
			buildActionMask = 2147483647;
			files = (
				DDA0EFB71F4AF7070027975D /* RefereeCounterTests.swift in Sources */,
			);
			runOnlyForDeploymentPostprocessing = 0;
		};
		DDA0EFB91F4AF7070027975D /* Sources */ = {
			isa = PBXSourcesBuildPhase;
			buildActionMask = 2147483647;
			files = (
				DDA0EFC21F4AF7070027975D /* RefereeCounterUITests.swift in Sources */,
			);
			runOnlyForDeploymentPostprocessing = 0;
		};
		DDA0EFD11F4AF7080027975D /* Sources */ = {
			isa = PBXSourcesBuildPhase;
			buildActionMask = 2147483647;
			files = (
				DDA0F0051F4B010C0027975D /* CounterInterfaceController.swift in Sources */,
				DDA0F0021F4AFFBE0027975D /* KickoffInterfaceController.swift in Sources */,
				DDA0EFE11F4AF7080027975D /* NotificationController.swift in Sources */,
				DDA0EFE31F4AF7080027975D /* ComplicationController.swift in Sources */,
				DDF103F41F4D3EF1003D639B /* RecordInterfaceController.swift in Sources */,
				DDA0EFDF1F4AF7080027975D /* ExtensionDelegate.swift in Sources */,
				DDF103F71F4D4307003D639B /* MemoRow.swift in Sources */,
				DDA0EFDD1F4AF7080027975D /* InterfaceController.swift in Sources */,
			);
			runOnlyForDeploymentPostprocessing = 0;
		};
/* End PBXSourcesBuildPhase section */

/* Begin PBXTargetDependency section */
		DDA0EFB41F4AF7070027975D /* PBXTargetDependency */ = {
			isa = PBXTargetDependency;
			target = DDA0EF9D1F4AF7070027975D /* RefereeCounter */;
			targetProxy = DDA0EFB31F4AF7070027975D /* PBXContainerItemProxy */;
		};
		DDA0EFBF1F4AF7070027975D /* PBXTargetDependency */ = {
			isa = PBXTargetDependency;
			target = DDA0EF9D1F4AF7070027975D /* RefereeCounter */;
			targetProxy = DDA0EFBE1F4AF7070027975D /* PBXContainerItemProxy */;
		};
		DDA0EFC91F4AF7070027975D /* PBXTargetDependency */ = {
			isa = PBXTargetDependency;
			target = DDA0EFC51F4AF7070027975D /* RefereeCounter WatchKit App */;
			targetProxy = DDA0EFC81F4AF7070027975D /* PBXContainerItemProxy */;
		};
		DDA0EFD81F4AF7080027975D /* PBXTargetDependency */ = {
			isa = PBXTargetDependency;
			target = DDA0EFD41F4AF7080027975D /* RefereeCounter WatchKit Extension */;
			targetProxy = DDA0EFD71F4AF7080027975D /* PBXContainerItemProxy */;
		};
/* End PBXTargetDependency section */

/* Begin PBXVariantGroup section */
		DDA0EFA51F4AF7070027975D /* Main.storyboard */ = {
			isa = PBXVariantGroup;
			children = (
				DDA0EFA61F4AF7070027975D /* Base */,
			);
			name = Main.storyboard;
			sourceTree = "<group>";
		};
		DDA0EFAA1F4AF7070027975D /* LaunchScreen.storyboard */ = {
			isa = PBXVariantGroup;
			children = (
				DDA0EFAB1F4AF7070027975D /* Base */,
			);
			name = LaunchScreen.storyboard;
			sourceTree = "<group>";
		};
		DDA0EFCB1F4AF7070027975D /* Interface.storyboard */ = {
			isa = PBXVariantGroup;
			children = (
				DDA0EFCC1F4AF7070027975D /* Base */,
			);
			name = Interface.storyboard;
			sourceTree = "<group>";
		};
/* End PBXVariantGroup section */

/* Begin XCBuildConfiguration section */
		DDA0EFE71F4AF7080027975D /* Debug */ = {
			isa = XCBuildConfiguration;
			buildSettings = {
				ALWAYS_SEARCH_USER_PATHS = NO;
				CLANG_ANALYZER_NONNULL = YES;
				CLANG_ANALYZER_NUMBER_OBJECT_CONVERSION = YES_AGGRESSIVE;
				CLANG_CXX_LANGUAGE_STANDARD = "gnu++0x";
				CLANG_CXX_LIBRARY = "libc++";
				CLANG_ENABLE_MODULES = YES;
				CLANG_ENABLE_OBJC_ARC = YES;
				CLANG_WARN_BOOL_CONVERSION = YES;
				CLANG_WARN_CONSTANT_CONVERSION = YES;
				CLANG_WARN_DIRECT_OBJC_ISA_USAGE = YES_ERROR;
				CLANG_WARN_DOCUMENTATION_COMMENTS = YES;
				CLANG_WARN_EMPTY_BODY = YES;
				CLANG_WARN_ENUM_CONVERSION = YES;
				CLANG_WARN_INFINITE_RECURSION = YES;
				CLANG_WARN_INT_CONVERSION = YES;
				CLANG_WARN_OBJC_ROOT_CLASS = YES_ERROR;
				CLANG_WARN_SUSPICIOUS_MOVE = YES;
				CLANG_WARN_UNREACHABLE_CODE = YES;
				CLANG_WARN__DUPLICATE_METHOD_MATCH = YES;
				"CODE_SIGN_IDENTITY[sdk=iphoneos*]" = "iPhone Developer";
				COPY_PHASE_STRIP = NO;
				DEBUG_INFORMATION_FORMAT = dwarf;
				ENABLE_STRICT_OBJC_MSGSEND = YES;
				ENABLE_TESTABILITY = YES;
				GCC_C_LANGUAGE_STANDARD = gnu99;
				GCC_DYNAMIC_NO_PIC = NO;
				GCC_NO_COMMON_BLOCKS = YES;
				GCC_OPTIMIZATION_LEVEL = 0;
				GCC_PREPROCESSOR_DEFINITIONS = (
					"DEBUG=1",
					"$(inherited)",
				);
				GCC_WARN_64_TO_32_BIT_CONVERSION = YES;
				GCC_WARN_ABOUT_RETURN_TYPE = YES_ERROR;
				GCC_WARN_UNDECLARED_SELECTOR = YES;
				GCC_WARN_UNINITIALIZED_AUTOS = YES_AGGRESSIVE;
				GCC_WARN_UNUSED_FUNCTION = YES;
				GCC_WARN_UNUSED_VARIABLE = YES;
				IPHONEOS_DEPLOYMENT_TARGET = 10.3;
				MTL_ENABLE_DEBUG_INFO = YES;
				ONLY_ACTIVE_ARCH = YES;
				SDKROOT = iphoneos;
				SWIFT_ACTIVE_COMPILATION_CONDITIONS = DEBUG;
				SWIFT_OPTIMIZATION_LEVEL = "-Onone";
			};
			name = Debug;
		};
		DDA0EFE81F4AF7080027975D /* Release */ = {
			isa = XCBuildConfiguration;
			buildSettings = {
				ALWAYS_SEARCH_USER_PATHS = NO;
				CLANG_ANALYZER_NONNULL = YES;
				CLANG_ANALYZER_NUMBER_OBJECT_CONVERSION = YES_AGGRESSIVE;
				CLANG_CXX_LANGUAGE_STANDARD = "gnu++0x";
				CLANG_CXX_LIBRARY = "libc++";
				CLANG_ENABLE_MODULES = YES;
				CLANG_ENABLE_OBJC_ARC = YES;
				CLANG_WARN_BOOL_CONVERSION = YES;
				CLANG_WARN_CONSTANT_CONVERSION = YES;
				CLANG_WARN_DIRECT_OBJC_ISA_USAGE = YES_ERROR;
				CLANG_WARN_DOCUMENTATION_COMMENTS = YES;
				CLANG_WARN_EMPTY_BODY = YES;
				CLANG_WARN_ENUM_CONVERSION = YES;
				CLANG_WARN_INFINITE_RECURSION = YES;
				CLANG_WARN_INT_CONVERSION = YES;
				CLANG_WARN_OBJC_ROOT_CLASS = YES_ERROR;
				CLANG_WARN_SUSPICIOUS_MOVE = YES;
				CLANG_WARN_UNREACHABLE_CODE = YES;
				CLANG_WARN__DUPLICATE_METHOD_MATCH = YES;
				"CODE_SIGN_IDENTITY[sdk=iphoneos*]" = "iPhone Developer";
				COPY_PHASE_STRIP = NO;
				DEBUG_INFORMATION_FORMAT = "dwarf-with-dsym";
				ENABLE_NS_ASSERTIONS = NO;
				ENABLE_STRICT_OBJC_MSGSEND = YES;
				GCC_C_LANGUAGE_STANDARD = gnu99;
				GCC_NO_COMMON_BLOCKS = YES;
				GCC_WARN_64_TO_32_BIT_CONVERSION = YES;
				GCC_WARN_ABOUT_RETURN_TYPE = YES_ERROR;
				GCC_WARN_UNDECLARED_SELECTOR = YES;
				GCC_WARN_UNINITIALIZED_AUTOS = YES_AGGRESSIVE;
				GCC_WARN_UNUSED_FUNCTION = YES;
				GCC_WARN_UNUSED_VARIABLE = YES;
				IPHONEOS_DEPLOYMENT_TARGET = 10.3;
				MTL_ENABLE_DEBUG_INFO = NO;
				SDKROOT = iphoneos;
				SWIFT_OPTIMIZATION_LEVEL = "-Owholemodule";
				VALIDATE_PRODUCT = YES;
			};
			name = Release;
		};
		DDA0EFEA1F4AF7080027975D /* Debug */ = {
			isa = XCBuildConfiguration;
			buildSettings = {
				ASSETCATALOG_COMPILER_COMPLICATION_NAME = Complication;
				DEVELOPMENT_TEAM = 9AW5SMH942;
				INFOPLIST_FILE = "RefereeCounter WatchKit Extension/Info.plist";
				LD_RUNPATH_SEARCH_PATHS = "$(inherited) @executable_path/Frameworks @executable_path/../../Frameworks";
				PRODUCT_BUNDLE_IDENTIFIER = PJ.RefereeCounter.watchkitapp.watchkitextension;
				PRODUCT_NAME = "${TARGET_NAME}";
				SDKROOT = watchos;
				SKIP_INSTALL = YES;
				SWIFT_VERSION = 3.0;
				TARGETED_DEVICE_FAMILY = 4;
				WATCHOS_DEPLOYMENT_TARGET = 3.2;
			};
			name = Debug;
		};
		DDA0EFEB1F4AF7080027975D /* Release */ = {
			isa = XCBuildConfiguration;
			buildSettings = {
				ASSETCATALOG_COMPILER_COMPLICATION_NAME = Complication;
				DEVELOPMENT_TEAM = 9AW5SMH942;
				INFOPLIST_FILE = "RefereeCounter WatchKit Extension/Info.plist";
				LD_RUNPATH_SEARCH_PATHS = "$(inherited) @executable_path/Frameworks @executable_path/../../Frameworks";
				PRODUCT_BUNDLE_IDENTIFIER = PJ.RefereeCounter.watchkitapp.watchkitextension;
				PRODUCT_NAME = "${TARGET_NAME}";
				SDKROOT = watchos;
				SKIP_INSTALL = YES;
				SWIFT_VERSION = 3.0;
				TARGETED_DEVICE_FAMILY = 4;
				WATCHOS_DEPLOYMENT_TARGET = 3.2;
			};
			name = Release;
		};
		DDA0EFEE1F4AF7080027975D /* Debug */ = {
			isa = XCBuildConfiguration;
			buildSettings = {
				ALWAYS_EMBED_SWIFT_STANDARD_LIBRARIES = YES;
				ASSETCATALOG_COMPILER_APPICON_NAME = AppIcon;
				CLANG_ENABLE_MODULES = YES;
				DEVELOPMENT_TEAM = 9AW5SMH942;
				IBSC_MODULE = RefereeCounter_WatchKit_Extension;
				INFOPLIST_FILE = "RefereeCounter WatchKit App/Info.plist";
				LD_RUNPATH_SEARCH_PATHS = "$(inherited) @executable_path/../Frameworks @loader_path/../Frameworks";
				PRODUCT_BUNDLE_IDENTIFIER = PJ.RefereeCounter.watchkitapp;
				PRODUCT_NAME = "$(TARGET_NAME)";
				SDKROOT = watchos;
				SKIP_INSTALL = YES;
				SWIFT_OPTIMIZATION_LEVEL = "-Onone";
				SWIFT_VERSION = 3.0;
				TARGETED_DEVICE_FAMILY = 4;
				WATCHOS_DEPLOYMENT_TARGET = 3.2;
			};
			name = Debug;
		};
		DDA0EFEF1F4AF7080027975D /* Release */ = {
			isa = XCBuildConfiguration;
			buildSettings = {
				ALWAYS_EMBED_SWIFT_STANDARD_LIBRARIES = YES;
				ASSETCATALOG_COMPILER_APPICON_NAME = AppIcon;
				CLANG_ENABLE_MODULES = YES;
				DEVELOPMENT_TEAM = 9AW5SMH942;
				IBSC_MODULE = RefereeCounter_WatchKit_Extension;
				INFOPLIST_FILE = "RefereeCounter WatchKit App/Info.plist";
				LD_RUNPATH_SEARCH_PATHS = "$(inherited) @executable_path/../Frameworks @loader_path/../Frameworks";
				PRODUCT_BUNDLE_IDENTIFIER = PJ.RefereeCounter.watchkitapp;
				PRODUCT_NAME = "$(TARGET_NAME)";
				SDKROOT = watchos;
				SKIP_INSTALL = YES;
				SWIFT_VERSION = 3.0;
				TARGETED_DEVICE_FAMILY = 4;
				WATCHOS_DEPLOYMENT_TARGET = 3.2;
			};
			name = Release;
		};
		DDA0EFF21F4AF7080027975D /* Debug */ = {
			isa = XCBuildConfiguration;
			buildSettings = {
				ASSETCATALOG_COMPILER_APPICON_NAME = AppIcon;
				DEVELOPMENT_TEAM = 9AW5SMH942;
				INFOPLIST_FILE = RefereeCounter/Info.plist;
				LD_RUNPATH_SEARCH_PATHS = "$(inherited) @executable_path/Frameworks";
				PRODUCT_BUNDLE_IDENTIFIER = PJ.RefereeCounter;
				PRODUCT_NAME = "$(TARGET_NAME)";
				SWIFT_VERSION = 3.0;
			};
			name = Debug;
		};
		DDA0EFF31F4AF7080027975D /* Release */ = {
			isa = XCBuildConfiguration;
			buildSettings = {
				ASSETCATALOG_COMPILER_APPICON_NAME = AppIcon;
				DEVELOPMENT_TEAM = 9AW5SMH942;
				INFOPLIST_FILE = RefereeCounter/Info.plist;
				LD_RUNPATH_SEARCH_PATHS = "$(inherited) @executable_path/Frameworks";
				PRODUCT_BUNDLE_IDENTIFIER = PJ.RefereeCounter;
				PRODUCT_NAME = "$(TARGET_NAME)";
				SWIFT_VERSION = 3.0;
			};
			name = Release;
		};
		DDA0EFF51F4AF7080027975D /* Debug */ = {
			isa = XCBuildConfiguration;
			buildSettings = {
				ALWAYS_EMBED_SWIFT_STANDARD_LIBRARIES = YES;
				BUNDLE_LOADER = "$(TEST_HOST)";
				DEVELOPMENT_TEAM = 9AW5SMH942;
				INFOPLIST_FILE = RefereeCounterTests/Info.plist;
				LD_RUNPATH_SEARCH_PATHS = "$(inherited) @executable_path/Frameworks @loader_path/Frameworks";
				PRODUCT_BUNDLE_IDENTIFIER = PJ.RefereeCounterTests;
				PRODUCT_NAME = "$(TARGET_NAME)";
				SWIFT_VERSION = 3.0;
				TEST_HOST = "$(BUILT_PRODUCTS_DIR)/RefereeCounter.app/RefereeCounter";
			};
			name = Debug;
		};
		DDA0EFF61F4AF7080027975D /* Release */ = {
			isa = XCBuildConfiguration;
			buildSettings = {
				ALWAYS_EMBED_SWIFT_STANDARD_LIBRARIES = YES;
				BUNDLE_LOADER = "$(TEST_HOST)";
				DEVELOPMENT_TEAM = 9AW5SMH942;
				INFOPLIST_FILE = RefereeCounterTests/Info.plist;
				LD_RUNPATH_SEARCH_PATHS = "$(inherited) @executable_path/Frameworks @loader_path/Frameworks";
				PRODUCT_BUNDLE_IDENTIFIER = PJ.RefereeCounterTests;
				PRODUCT_NAME = "$(TARGET_NAME)";
				SWIFT_VERSION = 3.0;
				TEST_HOST = "$(BUILT_PRODUCTS_DIR)/RefereeCounter.app/RefereeCounter";
			};
			name = Release;
		};
		DDA0EFF81F4AF7080027975D /* Debug */ = {
			isa = XCBuildConfiguration;
			buildSettings = {
				ALWAYS_EMBED_SWIFT_STANDARD_LIBRARIES = YES;
				DEVELOPMENT_TEAM = 9AW5SMH942;
				INFOPLIST_FILE = RefereeCounterUITests/Info.plist;
				LD_RUNPATH_SEARCH_PATHS = "$(inherited) @executable_path/Frameworks @loader_path/Frameworks";
				PRODUCT_BUNDLE_IDENTIFIER = PJ.RefereeCounterUITests;
				PRODUCT_NAME = "$(TARGET_NAME)";
				SWIFT_VERSION = 3.0;
				TEST_TARGET_NAME = RefereeCounter;
			};
			name = Debug;
		};
		DDA0EFF91F4AF7080027975D /* Release */ = {
			isa = XCBuildConfiguration;
			buildSettings = {
				ALWAYS_EMBED_SWIFT_STANDARD_LIBRARIES = YES;
				DEVELOPMENT_TEAM = 9AW5SMH942;
				INFOPLIST_FILE = RefereeCounterUITests/Info.plist;
				LD_RUNPATH_SEARCH_PATHS = "$(inherited) @executable_path/Frameworks @loader_path/Frameworks";
				PRODUCT_BUNDLE_IDENTIFIER = PJ.RefereeCounterUITests;
				PRODUCT_NAME = "$(TARGET_NAME)";
				SWIFT_VERSION = 3.0;
				TEST_TARGET_NAME = RefereeCounter;
			};
			name = Release;
		};
/* End XCBuildConfiguration section */

/* Begin XCConfigurationList section */
		DDA0EF991F4AF7070027975D /* Build configuration list for PBXProject "RefereeCounter" */ = {
			isa = XCConfigurationList;
			buildConfigurations = (
				DDA0EFE71F4AF7080027975D /* Debug */,
				DDA0EFE81F4AF7080027975D /* Release */,
			);
			defaultConfigurationIsVisible = 0;
			defaultConfigurationName = Release;
		};
		DDA0EFE91F4AF7080027975D /* Build configuration list for PBXNativeTarget "RefereeCounter WatchKit Extension" */ = {
			isa = XCConfigurationList;
			buildConfigurations = (
				DDA0EFEA1F4AF7080027975D /* Debug */,
				DDA0EFEB1F4AF7080027975D /* Release */,
			);
			defaultConfigurationIsVisible = 0;
			defaultConfigurationName = Release;
		};
		DDA0EFED1F4AF7080027975D /* Build configuration list for PBXNativeTarget "RefereeCounter WatchKit App" */ = {
			isa = XCConfigurationList;
			buildConfigurations = (
				DDA0EFEE1F4AF7080027975D /* Debug */,
				DDA0EFEF1F4AF7080027975D /* Release */,
			);
			defaultConfigurationIsVisible = 0;
			defaultConfigurationName = Release;
		};
		DDA0EFF11F4AF7080027975D /* Build configuration list for PBXNativeTarget "RefereeCounter" */ = {
			isa = XCConfigurationList;
			buildConfigurations = (
				DDA0EFF21F4AF7080027975D /* Debug */,
				DDA0EFF31F4AF7080027975D /* Release */,
			);
			defaultConfigurationIsVisible = 0;
			defaultConfigurationName = Release;
		};
		DDA0EFF41F4AF7080027975D /* Build configuration list for PBXNativeTarget "RefereeCounterTests" */ = {
			isa = XCConfigurationList;
			buildConfigurations = (
				DDA0EFF51F4AF7080027975D /* Debug */,
				DDA0EFF61F4AF7080027975D /* Release */,
			);
			defaultConfigurationIsVisible = 0;
			defaultConfigurationName = Release;
		};
		DDA0EFF71F4AF7080027975D /* Build configuration list for PBXNativeTarget "RefereeCounterUITests" */ = {
			isa = XCConfigurationList;
			buildConfigurations = (
				DDA0EFF81F4AF7080027975D /* Debug */,
				DDA0EFF91F4AF7080027975D /* Release */,
			);
			defaultConfigurationIsVisible = 0;
			defaultConfigurationName = Release;
		};
/* End XCConfigurationList section */
	};
	rootObject = DDA0EF961F4AF7070027975D /* Project object */;
}
